
Microsoft Visual Studio Solution File, Format Version 12.00
# Visual Studio Version 17
VisualStudioVersion = 17.14.36915.13 d17.14
MinimumVisualStudioVersion = 10.0.40219.1
Project("{888888A0-9F3D-457C-B088-3A5042F75D52}") = "Binary Tree Maximum Path Sum", "Binary Tree Maximum Path Sum.pyproj", "{93BDA7E7-945F-49F6-930F-5C61897D82C2}"
EndProject
Global
	GlobalSection(SolutionConfigurationPlatforms) = preSolution
		Debug|Any CPU = Debug|Any CPU
		Release|Any CPU = Release|Any CPU
	EndGlobalSection
	GlobalSection(ProjectConfigurationPlatforms) = postSolution
		{93BDA7E7-945F-49F6-930F-5C61897D82C2}.Debug|Any CPU.ActiveCfg = Debug|Any CPU
		{93BDA7E7-945F-49F6-930F-5C61897D82C2}.Release|Any CPU.ActiveCfg = Release|Any CPU
	EndGlobalSection
	GlobalSection(SolutionProperties) = preSolution
		HideSolutionNode = FALSE
	EndGlobalSection
	GlobalSection(ExtensibilityGlobals) = postSolution
		SolutionGuid = {0C300077-7733-47F2-861B-B8789A5B50E2}
	EndGlobalSection
EndGlobal
